// !$*UTF8*$!
{
	archiveVersion = 1;
	classes = {
	};
	objectVersion = 55;
	objects = {

/* Begin PBXBuildFile section */
		F00DD61828C7EA4C00DA1E37 /* Attendly2App.swift in Sources */ = {isa = PBXBuildFile; fileRef = F00DD61728C7EA4C00DA1E37 /* Attendly2App.swift */; };
		F00DD61A28C7EA4C00DA1E37 /* ContentView.swift in Sources */ = {isa = PBXBuildFile; fileRef = F00DD61928C7EA4C00DA1E37 /* ContentView.swift */; };
		F00DD61C28C7EA4E00DA1E37 /* Assets.xcassets in Resources */ = {isa = PBXBuildFile; fileRef = F00DD61B28C7EA4E00DA1E37 /* Assets.xcassets */; };
		F00DD61F28C7EA4E00DA1E37 /* Preview Assets.xcassets in Resources */ = {isa = PBXBuildFile; fileRef = F00DD61E28C7EA4E00DA1E37 /* Preview Assets.xcassets */; };
		F00DD62928C7EA4F00DA1E37 /* Attendly2Tests.swift in Sources */ = {isa = PBXBuildFile; fileRef = F00DD62828C7EA4F00DA1E37 /* Attendly2Tests.swift */; };
		F00DD63328C7EA4F00DA1E37 /* Attendly2UITests.swift in Sources */ = {isa = PBXBuildFile; fileRef = F00DD63228C7EA4F00DA1E37 /* Attendly2UITests.swift */; };
		F00DD63528C7EA4F00DA1E37 /* Attendly2UITestsLaunchTests.swift in Sources */ = {isa = PBXBuildFile; fileRef = F00DD63428C7EA4F00DA1E37 /* Attendly2UITestsLaunchTests.swift */; };
		F00DD67D28C7F2FC00DA1E37 /* GoogleService-Info (1).plist in Resources */ = {isa = PBXBuildFile; fileRef = F00DD67C28C7F2FC00DA1E37 /* GoogleService-Info (1).plist */; };
		F00DD6B728C7F94300DA1E37 /* FirebaseAnalytics in Frameworks */ = {isa = PBXBuildFile; productRef = F00DD6B628C7F94300DA1E37 /* FirebaseAnalytics */; };
		F00DD6B928C7F94300DA1E37 /* FirebaseAnalyticsOnDeviceConversion in Frameworks */ = {isa = PBXBuildFile; productRef = F00DD6B828C7F94300DA1E37 /* FirebaseAnalyticsOnDeviceConversion */; };
		F00DD6BB28C7F94300DA1E37 /* FirebaseAnalyticsSwift in Frameworks */ = {isa = PBXBuildFile; productRef = F00DD6BA28C7F94300DA1E37 /* FirebaseAnalyticsSwift */; };
		F00DD6BD28C7F94300DA1E37 /* FirebaseAnalyticsWithoutAdIdSupport in Frameworks */ = {isa = PBXBuildFile; productRef = F00DD6BC28C7F94300DA1E37 /* FirebaseAnalyticsWithoutAdIdSupport */; };
		F00DD6BF28C7F94300DA1E37 /* FirebaseAppCheck in Frameworks */ = {isa = PBXBuildFile; productRef = F00DD6BE28C7F94300DA1E37 /* FirebaseAppCheck */; };
		F00DD6C128C7F94300DA1E37 /* FirebaseAppDistribution-Beta in Frameworks */ = {isa = PBXBuildFile; productRef = F00DD6C028C7F94300DA1E37 /* FirebaseAppDistribution-Beta */; };
		F00DD6C328C7F94300DA1E37 /* FirebaseAuth in Frameworks */ = {isa = PBXBuildFile; productRef = F00DD6C228C7F94300DA1E37 /* FirebaseAuth */; };
		F00DD6C528C7F94300DA1E37 /* FirebaseAuthCombine-Community in Frameworks */ = {isa = PBXBuildFile; productRef = F00DD6C428C7F94300DA1E37 /* FirebaseAuthCombine-Community */; };
		F00DD6C728C7F94300DA1E37 /* FirebaseCrashlytics in Frameworks */ = {isa = PBXBuildFile; productRef = F00DD6C628C7F94300DA1E37 /* FirebaseCrashlytics */; };
		F00DD6C928C7F94300DA1E37 /* FirebaseDatabase in Frameworks */ = {isa = PBXBuildFile; productRef = F00DD6C828C7F94300DA1E37 /* FirebaseDatabase */; };
		F00DD6CB28C7F94300DA1E37 /* FirebaseDatabaseSwift in Frameworks */ = {isa = PBXBuildFile; productRef = F00DD6CA28C7F94300DA1E37 /* FirebaseDatabaseSwift */; };
		F00DD6CD28C7F94300DA1E37 /* FirebaseDynamicLinks in Frameworks */ = {isa = PBXBuildFile; productRef = F00DD6CC28C7F94300DA1E37 /* FirebaseDynamicLinks */; };
		F00DD6CF28C7F94300DA1E37 /* FirebaseFirestore in Frameworks */ = {isa = PBXBuildFile; productRef = F00DD6CE28C7F94300DA1E37 /* FirebaseFirestore */; };
		F00DD6D128C7F94300DA1E37 /* FirebaseFirestoreCombine-Community in Frameworks */ = {isa = PBXBuildFile; productRef = F00DD6D028C7F94300DA1E37 /* FirebaseFirestoreCombine-Community */; };
		F00DD6D328C7F94300DA1E37 /* FirebaseFirestoreSwift in Frameworks */ = {isa = PBXBuildFile; productRef = F00DD6D228C7F94300DA1E37 /* FirebaseFirestoreSwift */; };
		F00DD6D528C7F94300DA1E37 /* FirebaseFunctions in Frameworks */ = {isa = PBXBuildFile; productRef = F00DD6D428C7F94300DA1E37 /* FirebaseFunctions */; };
		F00DD6D728C7F94300DA1E37 /* FirebaseFunctionsCombine-Community in Frameworks */ = {isa = PBXBuildFile; productRef = F00DD6D628C7F94300DA1E37 /* FirebaseFunctionsCombine-Community */; };
		F00DD6D928C7F94300DA1E37 /* FirebaseInAppMessaging-Beta in Frameworks */ = {isa = PBXBuildFile; productRef = F00DD6D828C7F94300DA1E37 /* FirebaseInAppMessaging-Beta */; };
		F00DD6DB28C7F94300DA1E37 /* FirebaseInAppMessagingSwift-Beta in Frameworks */ = {isa = PBXBuildFile; productRef = F00DD6DA28C7F94300DA1E37 /* FirebaseInAppMessagingSwift-Beta */; };
		F00DD6DD28C7F94300DA1E37 /* FirebaseInstallations in Frameworks */ = {isa = PBXBuildFile; productRef = F00DD6DC28C7F94300DA1E37 /* FirebaseInstallations */; };
		F00DD6DF28C7F94300DA1E37 /* FirebaseMLModelDownloader in Frameworks */ = {isa = PBXBuildFile; productRef = F00DD6DE28C7F94300DA1E37 /* FirebaseMLModelDownloader */; };
		F00DD6E128C7F94300DA1E37 /* FirebaseMessaging in Frameworks */ = {isa = PBXBuildFile; productRef = F00DD6E028C7F94300DA1E37 /* FirebaseMessaging */; };
		F00DD6E328C7F94300DA1E37 /* FirebasePerformance in Frameworks */ = {isa = PBXBuildFile; productRef = F00DD6E228C7F94300DA1E37 /* FirebasePerformance */; };
		F00DD6E528C7F94300DA1E37 /* FirebaseRemoteConfig in Frameworks */ = {isa = PBXBuildFile; productRef = F00DD6E428C7F94300DA1E37 /* FirebaseRemoteConfig */; };
		F00DD6E728C7F94300DA1E37 /* FirebaseRemoteConfigSwift in Frameworks */ = {isa = PBXBuildFile; productRef = F00DD6E628C7F94300DA1E37 /* FirebaseRemoteConfigSwift */; };
		F00DD6E928C7F94300DA1E37 /* FirebaseStorage in Frameworks */ = {isa = PBXBuildFile; productRef = F00DD6E828C7F94300DA1E37 /* FirebaseStorage */; };
		F00DD6EB28C7F94300DA1E37 /* FirebaseStorageCombine-Community in Frameworks */ = {isa = PBXBuildFile; productRef = F00DD6EA28C7F94300DA1E37 /* FirebaseStorageCombine-Community */; };
/* End PBXBuildFile section */

/* Begin PBXContainerItemProxy section */
		F00DD62528C7EA4F00DA1E37 /* PBXContainerItemProxy */ = {
			isa = PBXContainerItemProxy;
			containerPortal = F00DD60C28C7EA4C00DA1E37 /* Project object */;
			proxyType = 1;
			remoteGlobalIDString = F00DD61328C7EA4C00DA1E37;
			remoteInfo = Attendly2;
		};
		F00DD62F28C7EA4F00DA1E37 /* PBXContainerItemProxy */ = {
			isa = PBXContainerItemProxy;
			containerPortal = F00DD60C28C7EA4C00DA1E37 /* Project object */;
			proxyType = 1;
			remoteGlobalIDString = F00DD61328C7EA4C00DA1E37;
			remoteInfo = Attendly2;
		};
/* End PBXContainerItemProxy section */

/* Begin PBXFileReference section */
		F00DD61428C7EA4C00DA1E37 /* Attendly2.app */ = {isa = PBXFileReference; explicitFileType = wrapper.application; includeInIndex = 0; path = Attendly2.app; sourceTree = BUILT_PRODUCTS_DIR; };
		F00DD61728C7EA4C00DA1E37 /* Attendly2App.swift */ = {isa = PBXFileReference; lastKnownFileType = sourcecode.swift; path = Attendly2App.swift; sourceTree = "<group>"; };
		F00DD61928C7EA4C00DA1E37 /* ContentView.swift */ = {isa = PBXFileReference; lastKnownFileType = sourcecode.swift; path = ContentView.swift; sourceTree = "<group>"; };
		F00DD61B28C7EA4E00DA1E37 /* Assets.xcassets */ = {isa = PBXFileReference; lastKnownFileType = folder.assetcatalog; path = Assets.xcassets; sourceTree = "<group>"; };
		F00DD61E28C7EA4E00DA1E37 /* Preview Assets.xcassets */ = {isa = PBXFileReference; lastKnownFileType = folder.assetcatalog; path = "Preview Assets.xcassets"; sourceTree = "<group>"; };
		F00DD62428C7EA4F00DA1E37 /* Attendly2Tests.xctest */ = {isa = PBXFileReference; explicitFileType = wrapper.cfbundle; includeInIndex = 0; path = Attendly2Tests.xctest; sourceTree = BUILT_PRODUCTS_DIR; };
		F00DD62828C7EA4F00DA1E37 /* Attendly2Tests.swift */ = {isa = PBXFileReference; lastKnownFileType = sourcecode.swift; path = Attendly2Tests.swift; sourceTree = "<group>"; };
		F00DD62E28C7EA4F00DA1E37 /* Attendly2UITests.xctest */ = {isa = PBXFileReference; explicitFileType = wrapper.cfbundle; includeInIndex = 0; path = Attendly2UITests.xctest; sourceTree = BUILT_PRODUCTS_DIR; };
		F00DD63228C7EA4F00DA1E37 /* Attendly2UITests.swift */ = {isa = PBXFileReference; lastKnownFileType = sourcecode.swift; path = Attendly2UITests.swift; sourceTree = "<group>"; };
		F00DD63428C7EA4F00DA1E37 /* Attendly2UITestsLaunchTests.swift */ = {isa = PBXFileReference; lastKnownFileType = sourcecode.swift; path = Attendly2UITestsLaunchTests.swift; sourceTree = "<group>"; };
		F00DD67C28C7F2FC00DA1E37 /* GoogleService-Info (1).plist */ = {isa = PBXFileReference; fileEncoding = 4; lastKnownFileType = text.plist.xml; path = "GoogleService-Info (1).plist"; sourceTree = "<group>"; };
/* End PBXFileReference section */

/* Begin PBXFrameworksBuildPhase section */
		F00DD61128C7EA4C00DA1E37 /* Frameworks */ = {
			isa = PBXFrameworksBuildPhase;
			buildActionMask = 2147483647;
			files = (
				F00DD6C928C7F94300DA1E37 /* FirebaseDatabase in Frameworks */,
				F00DD6D728C7F94300DA1E37 /* FirebaseFunctionsCombine-Community in Frameworks */,
				F00DD6CF28C7F94300DA1E37 /* FirebaseFirestore in Frameworks */,
				F00DD6BB28C7F94300DA1E37 /* FirebaseAnalyticsSwift in Frameworks */,
				F00DD6B728C7F94300DA1E37 /* FirebaseAnalytics in Frameworks */,
				F00DD6B928C7F94300DA1E37 /* FirebaseAnalyticsOnDeviceConversion in Frameworks */,
				F00DD6DF28C7F94300DA1E37 /* FirebaseMLModelDownloader in Frameworks */,
				F00DD6D328C7F94300DA1E37 /* FirebaseFirestoreSwift in Frameworks */,
				F00DD6BF28C7F94300DA1E37 /* FirebaseAppCheck in Frameworks */,
				F00DD6BD28C7F94300DA1E37 /* FirebaseAnalyticsWithoutAdIdSupport in Frameworks */,
				F00DD6C328C7F94300DA1E37 /* FirebaseAuth in Frameworks */,
				F00DD6C728C7F94300DA1E37 /* FirebaseCrashlytics in Frameworks */,
				F00DD6E728C7F94300DA1E37 /* FirebaseRemoteConfigSwift in Frameworks */,
				F00DD6D928C7F94300DA1E37 /* FirebaseInAppMessaging-Beta in Frameworks */,
				F00DD6CB28C7F94300DA1E37 /* FirebaseDatabaseSwift in Frameworks */,
				F00DD6D528C7F94300DA1E37 /* FirebaseFunctions in Frameworks */,
				F00DD6EB28C7F94300DA1E37 /* FirebaseStorageCombine-Community in Frameworks */,
				F00DD6E528C7F94300DA1E37 /* FirebaseRemoteConfig in Frameworks */,
				F00DD6C128C7F94300DA1E37 /* FirebaseAppDistribution-Beta in Frameworks */,
				F00DD6C528C7F94300DA1E37 /* FirebaseAuthCombine-Community in Frameworks */,
				F00DD6E328C7F94300DA1E37 /* FirebasePerformance in Frameworks */,
				F00DD6DB28C7F94300DA1E37 /* FirebaseInAppMessagingSwift-Beta in Frameworks */,
				F00DD6E928C7F94300DA1E37 /* FirebaseStorage in Frameworks */,
				F00DD6CD28C7F94300DA1E37 /* FirebaseDynamicLinks in Frameworks */,
				F00DD6D128C7F94300DA1E37 /* FirebaseFirestoreCombine-Community in Frameworks */,
				F00DD6E128C7F94300DA1E37 /* FirebaseMessaging in Frameworks */,
				F00DD6DD28C7F94300DA1E37 /* FirebaseInstallations in Frameworks */,
			);
			runOnlyForDeploymentPostprocessing = 0;
		};
		F00DD62128C7EA4F00DA1E37 /* Frameworks */ = {
			isa = PBXFrameworksBuildPhase;
			buildActionMask = 2147483647;
			files = (
			);
			runOnlyForDeploymentPostprocessing = 0;
		};
		F00DD62B28C7EA4F00DA1E37 /* Frameworks */ = {
			isa = PBXFrameworksBuildPhase;
			buildActionMask = 2147483647;
			files = (
			);
			runOnlyForDeploymentPostprocessing = 0;
		};
/* End PBXFrameworksBuildPhase section */

/* Begin PBXGroup section */
		F00DD60B28C7EA4C00DA1E37 = {
			isa = PBXGroup;
			children = (
				F00DD61628C7EA4C00DA1E37 /* Attendly2 */,
				F00DD62728C7EA4F00DA1E37 /* Attendly2Tests */,
				F00DD63128C7EA4F00DA1E37 /* Attendly2UITests */,
				F00DD61528C7EA4C00DA1E37 /* Products */,
			);
			sourceTree = "<group>";
			usesTabs = 0;
		};
		F00DD61528C7EA4C00DA1E37 /* Products */ = {
			isa = PBXGroup;
			children = (
				F00DD61428C7EA4C00DA1E37 /* Attendly2.app */,
				F00DD62428C7EA4F00DA1E37 /* Attendly2Tests.xctest */,
				F00DD62E28C7EA4F00DA1E37 /* Attendly2UITests.xctest */,
			);
			name = Products;
			sourceTree = "<group>";
		};
		F00DD61628C7EA4C00DA1E37 /* Attendly2 */ = {
			isa = PBXGroup;
			children = (
				F00DD61728C7EA4C00DA1E37 /* Attendly2App.swift */,
				F00DD61928C7EA4C00DA1E37 /* ContentView.swift */,
				F00DD61B28C7EA4E00DA1E37 /* Assets.xcassets */,
				F00DD67C28C7F2FC00DA1E37 /* GoogleService-Info (1).plist */,
				F00DD61D28C7EA4E00DA1E37 /* Preview Content */,
			);
			path = Attendly2;
			sourceTree = "<group>";
		};
		F00DD61D28C7EA4E00DA1E37 /* Preview Content */ = {
			isa = PBXGroup;
			children = (
				F00DD61E28C7EA4E00DA1E37 /* Preview Assets.xcassets */,
			);
			path = "Preview Content";
			sourceTree = "<group>";
		};
		F00DD62728C7EA4F00DA1E37 /* Attendly2Tests */ = {
			isa = PBXGroup;
			children = (
				F00DD62828C7EA4F00DA1E37 /* Attendly2Tests.swift */,
			);
			path = Attendly2Tests;
			sourceTree = "<group>";
		};
		F00DD63128C7EA4F00DA1E37 /* Attendly2UITests */ = {
			isa = PBXGroup;
			children = (
				F00DD63228C7EA4F00DA1E37 /* Attendly2UITests.swift */,
				F00DD63428C7EA4F00DA1E37 /* Attendly2UITestsLaunchTests.swift */,
			);
			path = Attendly2UITests;
			sourceTree = "<group>";
		};
/* End PBXGroup section */

/* Begin PBXNativeTarget section */
		F00DD61328C7EA4C00DA1E37 /* Attendly2 */ = {
			isa = PBXNativeTarget;
			buildConfigurationList = F00DD63828C7EA4F00DA1E37 /* Build configuration list for PBXNativeTarget "Attendly2" */;
			buildPhases = (
				F00DD61028C7EA4C00DA1E37 /* Sources */,
				F00DD61128C7EA4C00DA1E37 /* Frameworks */,
				F00DD61228C7EA4C00DA1E37 /* Resources */,
			);
			buildRules = (
			);
			dependencies = (
			);
			name = Attendly2;
			packageProductDependencies = (
				F00DD6B628C7F94300DA1E37 /* FirebaseAnalytics */,
				F00DD6B828C7F94300DA1E37 /* FirebaseAnalyticsOnDeviceConversion */,
				F00DD6BA28C7F94300DA1E37 /* FirebaseAnalyticsSwift */,
				F00DD6BC28C7F94300DA1E37 /* FirebaseAnalyticsWithoutAdIdSupport */,
				F00DD6BE28C7F94300DA1E37 /* FirebaseAppCheck */,
				F00DD6C028C7F94300DA1E37 /* FirebaseAppDistribution-Beta */,
				F00DD6C228C7F94300DA1E37 /* FirebaseAuth */,
				F00DD6C428C7F94300DA1E37 /* FirebaseAuthCombine-Community */,
				F00DD6C628C7F94300DA1E37 /* FirebaseCrashlytics */,
				F00DD6C828C7F94300DA1E37 /* FirebaseDatabase */,
				F00DD6CA28C7F94300DA1E37 /* FirebaseDatabaseSwift */,
				F00DD6CC28C7F94300DA1E37 /* FirebaseDynamicLinks */,
				F00DD6CE28C7F94300DA1E37 /* FirebaseFirestore */,
				F00DD6D028C7F94300DA1E37 /* FirebaseFirestoreCombine-Community */,
				F00DD6D228C7F94300DA1E37 /* FirebaseFirestoreSwift */,
				F00DD6D428C7F94300DA1E37 /* FirebaseFunctions */,
				F00DD6D628C7F94300DA1E37 /* FirebaseFunctionsCombine-Community */,
				F00DD6D828C7F94300DA1E37 /* FirebaseInAppMessaging-Beta */,
				F00DD6DA28C7F94300DA1E37 /* FirebaseInAppMessagingSwift-Beta */,
				F00DD6DC28C7F94300DA1E37 /* FirebaseInstallations */,
				F00DD6DE28C7F94300DA1E37 /* FirebaseMLModelDownloader */,
				F00DD6E028C7F94300DA1E37 /* FirebaseMessaging */,
				F00DD6E228C7F94300DA1E37 /* FirebasePerformance */,
				F00DD6E428C7F94300DA1E37 /* FirebaseRemoteConfig */,
				F00DD6E628C7F94300DA1E37 /* FirebaseRemoteConfigSwift */,
				F00DD6E828C7F94300DA1E37 /* FirebaseStorage */,
				F00DD6EA28C7F94300DA1E37 /* FirebaseStorageCombine-Community */,
			);
			productName = Attendly2;
			productReference = F00DD61428C7EA4C00DA1E37 /* Attendly2.app */;
			productType = "com.apple.product-type.application";
		};
		F00DD62328C7EA4F00DA1E37 /* Attendly2Tests */ = {
			isa = PBXNativeTarget;
			buildConfigurationList = F00DD63B28C7EA4F00DA1E37 /* Build configuration list for PBXNativeTarget "Attendly2Tests" */;
			buildPhases = (
				F00DD62028C7EA4F00DA1E37 /* Sources */,
				F00DD62128C7EA4F00DA1E37 /* Frameworks */,
				F00DD62228C7EA4F00DA1E37 /* Resources */,
			);
			buildRules = (
			);
			dependencies = (
				F00DD62628C7EA4F00DA1E37 /* PBXTargetDependency */,
			);
			name = Attendly2Tests;
			productName = Attendly2Tests;
			productReference = F00DD62428C7EA4F00DA1E37 /* Attendly2Tests.xctest */;
			productType = "com.apple.product-type.bundle.unit-test";
		};
		F00DD62D28C7EA4F00DA1E37 /* Attendly2UITests */ = {
			isa = PBXNativeTarget;
			buildConfigurationList = F00DD63E28C7EA4F00DA1E37 /* Build configuration list for PBXNativeTarget "Attendly2UITests" */;
			buildPhases = (
				F00DD62A28C7EA4F00DA1E37 /* Sources */,
				F00DD62B28C7EA4F00DA1E37 /* Frameworks */,
				F00DD62C28C7EA4F00DA1E37 /* Resources */,
			);
			buildRules = (
			);
			dependencies = (
				F00DD63028C7EA4F00DA1E37 /* PBXTargetDependency */,
			);
			name = Attendly2UITests;
			productName = Attendly2UITests;
			productReference = F00DD62E28C7EA4F00DA1E37 /* Attendly2UITests.xctest */;
			productType = "com.apple.product-type.bundle.ui-testing";
		};
/* End PBXNativeTarget section */

/* Begin PBXProject section */
		F00DD60C28C7EA4C00DA1E37 /* Project object */ = {
			isa = PBXProject;
			attributes = {
				BuildIndependentTargetsInParallel = 1;
				LastSwiftUpdateCheck = 1340;
				LastUpgradeCheck = 1340;
				TargetAttributes = {
					F00DD61328C7EA4C00DA1E37 = {
						CreatedOnToolsVersion = 13.4.1;
					};
					F00DD62328C7EA4F00DA1E37 = {
						CreatedOnToolsVersion = 13.4.1;
						TestTargetID = F00DD61328C7EA4C00DA1E37;
					};
					F00DD62D28C7EA4F00DA1E37 = {
						CreatedOnToolsVersion = 13.4.1;
						TestTargetID = F00DD61328C7EA4C00DA1E37;
					};
				};
			};
			buildConfigurationList = F00DD60F28C7EA4C00DA1E37 /* Build configuration list for PBXProject "Attendly2" */;
			compatibilityVersion = "Xcode 13.0";
			developmentRegion = en;
			hasScannedForEncodings = 0;
			knownRegions = (
				en,
				Base,
			);
			mainGroup = F00DD60B28C7EA4C00DA1E37;
			packageReferences = (
				F00DD6B528C7F94200DA1E37 /* XCRemoteSwiftPackageReference "firebase-ios-sdk" */,
			);
			productRefGroup = F00DD61528C7EA4C00DA1E37 /* Products */;
			projectDirPath = "";
			projectRoot = "";
			targets = (
				F00DD61328C7EA4C00DA1E37 /* Attendly2 */,
				F00DD62328C7EA4F00DA1E37 /* Attendly2Tests */,
				F00DD62D28C7EA4F00DA1E37 /* Attendly2UITests */,
			);
		};
/* End PBXProject section */

/* Begin PBXResourcesBuildPhase section */
		F00DD61228C7EA4C00DA1E37 /* Resources */ = {
			isa = PBXResourcesBuildPhase;
			buildActionMask = 2147483647;
			files = (
				F00DD61F28C7EA4E00DA1E37 /* Preview Assets.xcassets in Resources */,
				F00DD67D28C7F2FC00DA1E37 /* GoogleService-Info (1).plist in Resources */,
				F00DD61C28C7EA4E00DA1E37 /* Assets.xcassets in Resources */,
			);
			runOnlyForDeploymentPostprocessing = 0;
		};
		F00DD62228C7EA4F00DA1E37 /* Resources */ = {
			isa = PBXResourcesBuildPhase;
			buildActionMask = 2147483647;
			files = (
			);
			runOnlyForDeploymentPostprocessing = 0;
		};
		F00DD62C28C7EA4F00DA1E37 /* Resources */ = {
			isa = PBXResourcesBuildPhase;
			buildActionMask = 2147483647;
			files = (
			);
			runOnlyForDeploymentPostprocessing = 0;
		};
/* End PBXResourcesBuildPhase section */

/* Begin PBXSourcesBuildPhase section */
		F00DD61028C7EA4C00DA1E37 /* Sources */ = {
			isa = PBXSourcesBuildPhase;
			buildActionMask = 2147483647;
			files = (
				F00DD61A28C7EA4C00DA1E37 /* ContentView.swift in Sources */,
				F00DD61828C7EA4C00DA1E37 /* Attendly2App.swift in Sources */,
			);
			runOnlyForDeploymentPostprocessing = 0;
		};
		F00DD62028C7EA4F00DA1E37 /* Sources */ = {
			isa = PBXSourcesBuildPhase;
			buildActionMask = 2147483647;
			files = (
				F00DD62928C7EA4F00DA1E37 /* Attendly2Tests.swift in Sources */,
			);
			runOnlyForDeploymentPostprocessing = 0;
		};
		F00DD62A28C7EA4F00DA1E37 /* Sources */ = {
			isa = PBXSourcesBuildPhase;
			buildActionMask = 2147483647;
			files = (
				F00DD63528C7EA4F00DA1E37 /* Attendly2UITestsLaunchTests.swift in Sources */,
				F00DD63328C7EA4F00DA1E37 /* Attendly2UITests.swift in Sources */,
			);
			runOnlyForDeploymentPostprocessing = 0;
		};
/* End PBXSourcesBuildPhase section */

/* Begin PBXTargetDependency section */
		F00DD62628C7EA4F00DA1E37 /* PBXTargetDependency */ = {
			isa = PBXTargetDependency;
			target = F00DD61328C7EA4C00DA1E37 /* Attendly2 */;
			targetProxy = F00DD62528C7EA4F00DA1E37 /* PBXContainerItemProxy */;
		};
		F00DD63028C7EA4F00DA1E37 /* PBXTargetDependency */ = {
			isa = PBXTargetDependency;
			target = F00DD61328C7EA4C00DA1E37 /* Attendly2 */;
			targetProxy = F00DD62F28C7EA4F00DA1E37 /* PBXContainerItemProxy */;
		};
/* End PBXTargetDependency section */

/* Begin XCBuildConfiguration section */
		F00DD63628C7EA4F00DA1E37 /* Debug */ = {
			isa = XCBuildConfiguration;
			buildSettings = {
				ALWAYS_SEARCH_USER_PATHS = NO;
				CLANG_ANALYZER_NONNULL = YES;
				CLANG_ANALYZER_NUMBER_OBJECT_CONVERSION = YES_AGGRESSIVE;
				CLANG_CXX_LANGUAGE_STANDARD = "gnu++17";
				CLANG_ENABLE_MODULES = YES;
				CLANG_ENABLE_OBJC_ARC = YES;
				CLANG_ENABLE_OBJC_WEAK = YES;
				CLANG_WARN_BLOCK_CAPTURE_AUTORELEASING = YES;
				CLANG_WARN_BOOL_CONVERSION = YES;
				CLANG_WARN_COMMA = YES;
				CLANG_WARN_CONSTANT_CONVERSION = YES;
				CLANG_WARN_DEPRECATED_OBJC_IMPLEMENTATIONS = YES;
				CLANG_WARN_DIRECT_OBJC_ISA_USAGE = YES_ERROR;
				CLANG_WARN_DOCUMENTATION_COMMENTS = YES;
				CLANG_WARN_EMPTY_BODY = YES;
				CLANG_WARN_ENUM_CONVERSION = YES;
				CLANG_WARN_INFINITE_RECURSION = YES;
				CLANG_WARN_INT_CONVERSION = YES;
				CLANG_WARN_NON_LITERAL_NULL_CONVERSION = YES;
				CLANG_WARN_OBJC_IMPLICIT_RETAIN_SELF = YES;
				CLANG_WARN_OBJC_LITERAL_CONVERSION = YES;
				CLANG_WARN_OBJC_ROOT_CLASS = YES_ERROR;
				CLANG_WARN_QUOTED_INCLUDE_IN_FRAMEWORK_HEADER = YES;
				CLANG_WARN_RANGE_LOOP_ANALYSIS = YES;
				CLANG_WARN_STRICT_PROTOTYPES = YES;
				CLANG_WARN_SUSPICIOUS_MOVE = YES;
				CLANG_WARN_UNGUARDED_AVAILABILITY = YES_AGGRESSIVE;
				CLANG_WARN_UNREACHABLE_CODE = YES;
				CLANG_WARN__DUPLICATE_METHOD_MATCH = YES;
				COPY_PHASE_STRIP = NO;
				DEBUG_INFORMATION_FORMAT = dwarf;
				ENABLE_STRICT_OBJC_MSGSEND = YES;
				ENABLE_TESTABILITY = YES;
				GCC_C_LANGUAGE_STANDARD = gnu11;
				GCC_DYNAMIC_NO_PIC = NO;
				GCC_NO_COMMON_BLOCKS = YES;
				GCC_OPTIMIZATION_LEVEL = 0;
				GCC_PREPROCESSOR_DEFINITIONS = (
					"DEBUG=1",
					"$(inherited)",
				);
				GCC_WARN_64_TO_32_BIT_CONVERSION = YES;
				GCC_WARN_ABOUT_RETURN_TYPE = YES_ERROR;
				GCC_WARN_UNDECLARED_SELECTOR = YES;
				GCC_WARN_UNINITIALIZED_AUTOS = YES_AGGRESSIVE;
				GCC_WARN_UNUSED_FUNCTION = YES;
				GCC_WARN_UNUSED_VARIABLE = YES;
				IPHONEOS_DEPLOYMENT_TARGET = 15.5;
				MTL_ENABLE_DEBUG_INFO = INCLUDE_SOURCE;
				MTL_FAST_MATH = YES;
				ONLY_ACTIVE_ARCH = YES;
				SDKROOT = iphoneos;
				SWIFT_ACTIVE_COMPILATION_CONDITIONS = DEBUG;
				SWIFT_OPTIMIZATION_LEVEL = "-Onone";
			};
			name = Debug;
		};
		F00DD63728C7EA4F00DA1E37 /* Release */ = {
			isa = XCBuildConfiguration;
			buildSettings = {
				ALWAYS_SEARCH_USER_PATHS = NO;
				CLANG_ANALYZER_NONNULL = YES;
				CLANG_ANALYZER_NUMBER_OBJECT_CONVERSION = YES_AGGRESSIVE;
				CLANG_CXX_LANGUAGE_STANDARD = "gnu++17";
				CLANG_ENABLE_MODULES = YES;
				CLANG_ENABLE_OBJC_ARC = YES;
				CLANG_ENABLE_OBJC_WEAK = YES;
				CLANG_WARN_BLOCK_CAPTURE_AUTORELEASING = YES;
				CLANG_WARN_BOOL_CONVERSION = YES;
				CLANG_WARN_COMMA = YES;
				CLANG_WARN_CONSTANT_CONVERSION = YES;
				CLANG_WARN_DEPRECATED_OBJC_IMPLEMENTATIONS = YES;
				CLANG_WARN_DIRECT_OBJC_ISA_USAGE = YES_ERROR;
				CLANG_WARN_DOCUMENTATION_COMMENTS = YES;
				CLANG_WARN_EMPTY_BODY = YES;
				CLANG_WARN_ENUM_CONVERSION = YES;
				CLANG_WARN_INFINITE_RECURSION = YES;
				CLANG_WARN_INT_CONVERSION = YES;
				CLANG_WARN_NON_LITERAL_NULL_CONVERSION = YES;
				CLANG_WARN_OBJC_IMPLICIT_RETAIN_SELF = YES;
				CLANG_WARN_OBJC_LITERAL_CONVERSION = YES;
				CLANG_WARN_OBJC_ROOT_CLASS = YES_ERROR;
				CLANG_WARN_QUOTED_INCLUDE_IN_FRAMEWORK_HEADER = YES;
				CLANG_WARN_RANGE_LOOP_ANALYSIS = YES;
				CLANG_WARN_STRICT_PROTOTYPES = YES;
				CLANG_WARN_SUSPICIOUS_MOVE = YES;
				CLANG_WARN_UNGUARDED_AVAILABILITY = YES_AGGRESSIVE;
				CLANG_WARN_UNREACHABLE_CODE = YES;
				CLANG_WARN__DUPLICATE_METHOD_MATCH = YES;
				COPY_PHASE_STRIP = NO;
				DEBUG_INFORMATION_FORMAT = "dwarf-with-dsym";
				ENABLE_NS_ASSERTIONS = NO;
				ENABLE_STRICT_OBJC_MSGSEND = YES;
				GCC_C_LANGUAGE_STANDARD = gnu11;
				GCC_NO_COMMON_BLOCKS = YES;
				GCC_WARN_64_TO_32_BIT_CONVERSION = YES;
				GCC_WARN_ABOUT_RETURN_TYPE = YES_ERROR;
				GCC_WARN_UNDECLARED_SELECTOR = YES;
				GCC_WARN_UNINITIALIZED_AUTOS = YES_AGGRESSIVE;
				GCC_WARN_UNUSED_FUNCTION = YES;
				GCC_WARN_UNUSED_VARIABLE = YES;
				IPHONEOS_DEPLOYMENT_TARGET = 15.5;
				MTL_ENABLE_DEBUG_INFO = NO;
				MTL_FAST_MATH = YES;
				SDKROOT = iphoneos;
				SWIFT_COMPILATION_MODE = wholemodule;
				SWIFT_OPTIMIZATION_LEVEL = "-O";
				VALIDATE_PRODUCT = YES;
			};
			name = Release;
		};
		F00DD63928C7EA4F00DA1E37 /* Debug */ = {
			isa = XCBuildConfiguration;
			buildSettings = {
				ASSETCATALOG_COMPILER_APPICON_NAME = AppIcon;
				ASSETCATALOG_COMPILER_GLOBAL_ACCENT_COLOR_NAME = AccentColor;
				CODE_SIGN_STYLE = Automatic;
				CURRENT_PROJECT_VERSION = 1;
				DEVELOPMENT_ASSET_PATHS = "\"Attendly2/Preview Content\"";
				DEVELOPMENT_TEAM = PAB8DXHU6M;
				ENABLE_PREVIEWS = YES;
				GENERATE_INFOPLIST_FILE = YES;
				INFOPLIST_KEY_UIApplicationSceneManifest_Generation = YES;
				INFOPLIST_KEY_UIApplicationSupportsIndirectInputEvents = YES;
				INFOPLIST_KEY_UILaunchScreen_Generation = YES;
				INFOPLIST_KEY_UISupportedInterfaceOrientations_iPad = "UIInterfaceOrientationPortrait UIInterfaceOrientationPortraitUpsideDown UIInterfaceOrientationLandscapeLeft UIInterfaceOrientationLandscapeRight";
				INFOPLIST_KEY_UISupportedInterfaceOrientations_iPhone = "UIInterfaceOrientationPortrait UIInterfaceOrientationLandscapeLeft UIInterfaceOrientationLandscapeRight";
				LD_RUNPATH_SEARCH_PATHS = (
					"$(inherited)",
					"@executable_path/Frameworks",
				);
				MARKETING_VERSION = 1.0;
				PRODUCT_BUNDLE_IDENTIFIER = "com.example.-SwiftDemo.Attendly2";
				PRODUCT_NAME = "$(TARGET_NAME)";
				SWIFT_EMIT_LOC_STRINGS = YES;
				SWIFT_VERSION = 5.0;
				TARGETED_DEVICE_FAMILY = "1,2";
			};
			name = Debug;
		};
		F00DD63A28C7EA4F00DA1E37 /* Release */ = {
			isa = XCBuildConfiguration;
			buildSettings = {
				ASSETCATALOG_COMPILER_APPICON_NAME = AppIcon;
				ASSETCATALOG_COMPILER_GLOBAL_ACCENT_COLOR_NAME = AccentColor;
				CODE_SIGN_STYLE = Automatic;
				CURRENT_PROJECT_VERSION = 1;
				DEVELOPMENT_ASSET_PATHS = "\"Attendly2/Preview Content\"";
				DEVELOPMENT_TEAM = PAB8DXHU6M;
				ENABLE_PREVIEWS = YES;
				GENERATE_INFOPLIST_FILE = YES;
				INFOPLIST_KEY_UIApplicationSceneManifest_Generation = YES;
				INFOPLIST_KEY_UIApplicationSupportsIndirectInputEvents = YES;
				INFOPLIST_KEY_UILaunchScreen_Generation = YES;
				INFOPLIST_KEY_UISupportedInterfaceOrientations_iPad = "UIInterfaceOrientationPortrait UIInterfaceOrientationPortraitUpsideDown UIInterfaceOrientationLandscapeLeft UIInterfaceOrientationLandscapeRight";
				INFOPLIST_KEY_UISupportedInterfaceOrientations_iPhone = "UIInterfaceOrientationPortrait UIInterfaceOrientationLandscapeLeft UIInterfaceOrientationLandscapeRight";
				LD_RUNPATH_SEARCH_PATHS = (
					"$(inherited)",
					"@executable_path/Frameworks",
				);
				MARKETING_VERSION = 1.0;
				PRODUCT_BUNDLE_IDENTIFIER = "com.example.-SwiftDemo.Attendly2";
				PRODUCT_NAME = "$(TARGET_NAME)";
				SWIFT_EMIT_LOC_STRINGS = YES;
				SWIFT_VERSION = 5.0;
				TARGETED_DEVICE_FAMILY = "1,2";
			};
			name = Release;
		};
		F00DD63C28C7EA4F00DA1E37 /* Debug */ = {
			isa = XCBuildConfiguration;
			buildSettings = {
				ALWAYS_EMBED_SWIFT_STANDARD_LIBRARIES = YES;
				BUNDLE_LOADER = "$(TEST_HOST)";
				CODE_SIGN_STYLE = Automatic;
				CURRENT_PROJECT_VERSION = 1;
				DEVELOPMENT_TEAM = K9TPRSV2Z7;
				GENERATE_INFOPLIST_FILE = YES;
				IPHONEOS_DEPLOYMENT_TARGET = 15.5;
				MARKETING_VERSION = 1.0;
				PRODUCT_BUNDLE_IDENTIFIER = "com.example.-SwiftDemo.Attendly2Tests";
				PRODUCT_NAME = "$(TARGET_NAME)";
				SWIFT_EMIT_LOC_STRINGS = NO;
				SWIFT_VERSION = 5.0;
				TARGETED_DEVICE_FAMILY = "1,2";
				TEST_HOST = "$(BUILT_PRODUCTS_DIR)/Attendly2.app/Attendly2";
			};
			name = Debug;
		};
		F00DD63D28C7EA4F00DA1E37 /* Release */ = {
			isa = XCBuildConfiguration;
			buildSettings = {
				ALWAYS_EMBED_SWIFT_STANDARD_LIBRARIES = YES;
				BUNDLE_LOADER = "$(TEST_HOST)";
				CODE_SIGN_STYLE = Automatic;
				CURRENT_PROJECT_VERSION = 1;
				DEVELOPMENT_TEAM = K9TPRSV2Z7;
				GENERATE_INFOPLIST_FILE = YES;
				IPHONEOS_DEPLOYMENT_TARGET = 15.5;
				MARKETING_VERSION = 1.0;
				PRODUCT_BUNDLE_IDENTIFIER = "com.example.-SwiftDemo.Attendly2Tests";
				PRODUCT_NAME = "$(TARGET_NAME)";
				SWIFT_EMIT_LOC_STRINGS = NO;
				SWIFT_VERSION = 5.0;
				TARGETED_DEVICE_FAMILY = "1,2";
				TEST_HOST = "$(BUILT_PRODUCTS_DIR)/Attendly2.app/Attendly2";
			};
			name = Release;
		};
		F00DD63F28C7EA4F00DA1E37 /* Debug */ = {
			isa = XCBuildConfiguration;
			buildSettings = {
				ALWAYS_EMBED_SWIFT_STANDARD_LIBRARIES = YES;
				CODE_SIGN_STYLE = Automatic;
				CURRENT_PROJECT_VERSION = 1;
				DEVELOPMENT_TEAM = K9TPRSV2Z7;
				GENERATE_INFOPLIST_FILE = YES;
				MARKETING_VERSION = 1.0;
				PRODUCT_BUNDLE_IDENTIFIER = "com.example.-SwiftDemo.Attendly2UITests";
				PRODUCT_NAME = "$(TARGET_NAME)";
				SWIFT_EMIT_LOC_STRINGS = NO;
				SWIFT_VERSION = 5.0;
				TARGETED_DEVICE_FAMILY = "1,2";
				TEST_TARGET_NAME = Attendly2;
			};
			name = Debug;
		};
		F00DD64028C7EA4F00DA1E37 /* Release */ = {
			isa = XCBuildConfiguration;
			buildSettings = {
				ALWAYS_EMBED_SWIFT_STANDARD_LIBRARIES = YES;
				CODE_SIGN_STYLE = Automatic;
				CURRENT_PROJECT_VERSION = 1;
				DEVELOPMENT_TEAM = K9TPRSV2Z7;
				GENERATE_INFOPLIST_FILE = YES;
				MARKETING_VERSION = 1.0;
				PRODUCT_BUNDLE_IDENTIFIER = "com.example.-SwiftDemo.Attendly2UITests";
				PRODUCT_NAME = "$(TARGET_NAME)";
				SWIFT_EMIT_LOC_STRINGS = NO;
				SWIFT_VERSION = 5.0;
				TARGETED_DEVICE_FAMILY = "1,2";
				TEST_TARGET_NAME = Attendly2;
			};
			name = Release;
		};
/* End XCBuildConfiguration section */

/* Begin XCConfigurationList section */
		F00DD60F28C7EA4C00DA1E37 /* Build configuration list for PBXProject "Attendly2" */ = {
			isa = XCConfigurationList;
			buildConfigurations = (
				F00DD63628C7EA4F00DA1E37 /* Debug */,
				F00DD63728C7EA4F00DA1E37 /* Release */,
			);
			defaultConfigurationIsVisible = 0;
			defaultConfigurationName = Release;
		};
		F00DD63828C7EA4F00DA1E37 /* Build configuration list for PBXNativeTarget "Attendly2" */ = {
			isa = XCConfigurationList;
			buildConfigurations = (
				F00DD63928C7EA4F00DA1E37 /* Debug */,
				F00DD63A28C7EA4F00DA1E37 /* Release */,
			);
			defaultConfigurationIsVisible = 0;
			defaultConfigurationName = Release;
		};
		F00DD63B28C7EA4F00DA1E37 /* Build configuration list for PBXNativeTarget "Attendly2Tests" */ = {
			isa = XCConfigurationList;
			buildConfigurations = (
				F00DD63C28C7EA4F00DA1E37 /* Debug */,
				F00DD63D28C7EA4F00DA1E37 /* Release */,
			);
			defaultConfigurationIsVisible = 0;
			defaultConfigurationName = Release;
		};
		F00DD63E28C7EA4F00DA1E37 /* Build configuration list for PBXNativeTarget "Attendly2UITests" */ = {
			isa = XCConfigurationList;
			buildConfigurations = (
				F00DD63F28C7EA4F00DA1E37 /* Debug */,
				F00DD64028C7EA4F00DA1E37 /* Release */,
			);
			defaultConfigurationIsVisible = 0;
			defaultConfigurationName = Release;
		};
/* End XCConfigurationList section */

/* Begin XCRemoteSwiftPackageReference section */
		F00DD6B528C7F94200DA1E37 /* XCRemoteSwiftPackageReference "firebase-ios-sdk" */ = {
			isa = XCRemoteSwiftPackageReference;
			repositoryURL = "https://github.com/firebase/firebase-ios-sdk";
			requirement = {
				kind = upToNextMajorVersion;
				minimumVersion = 9.0.0;
			};
		};
/* End XCRemoteSwiftPackageReference section */

/* Begin XCSwiftPackageProductDependency section */
		F00DD6B628C7F94300DA1E37 /* FirebaseAnalytics */ = {
			isa = XCSwiftPackageProductDependency;
			package = F00DD6B528C7F94200DA1E37 /* XCRemoteSwiftPackageReference "firebase-ios-sdk" */;
			productName = FirebaseAnalytics;
		};
		F00DD6B828C7F94300DA1E37 /* FirebaseAnalyticsOnDeviceConversion */ = {
			isa = XCSwiftPackageProductDependency;
			package = F00DD6B528C7F94200DA1E37 /* XCRemoteSwiftPackageReference "firebase-ios-sdk" */;
			productName = FirebaseAnalyticsOnDeviceConversion;
		};
		F00DD6BA28C7F94300DA1E37 /* FirebaseAnalyticsSwift */ = {
			isa = XCSwiftPackageProductDependency;
			package = F00DD6B528C7F94200DA1E37 /* XCRemoteSwiftPackageReference "firebase-ios-sdk" */;
			productName = FirebaseAnalyticsSwift;
		};
		F00DD6BC28C7F94300DA1E37 /* FirebaseAnalyticsWithoutAdIdSupport */ = {
			isa = XCSwiftPackageProductDependency;
			package = F00DD6B528C7F94200DA1E37 /* XCRemoteSwiftPackageReference "firebase-ios-sdk" */;
			productName = FirebaseAnalyticsWithoutAdIdSupport;
		};
		F00DD6BE28C7F94300DA1E37 /* FirebaseAppCheck */ = {
			isa = XCSwiftPackageProductDependency;
			package = F00DD6B528C7F94200DA1E37 /* XCRemoteSwiftPackageReference "firebase-ios-sdk" */;
			productName = FirebaseAppCheck;
		};
		F00DD6C028C7F94300DA1E37 /* FirebaseAppDistribution-Beta */ = {
			isa = XCSwiftPackageProductDependency;
			package = F00DD6B528C7F94200DA1E37 /* XCRemoteSwiftPackageReference "firebase-ios-sdk" */;
			productName = "FirebaseAppDistribution-Beta";
		};
		F00DD6C228C7F94300DA1E37 /* FirebaseAuth */ = {
			isa = XCSwiftPackageProductDependency;
			package = F00DD6B528C7F94200DA1E37 /* XCRemoteSwiftPackageReference "firebase-ios-sdk" */;
			productName = FirebaseAuth;
		};
		F00DD6C428C7F94300DA1E37 /* FirebaseAuthCombine-Community */ = {
			isa = XCSwiftPackageProductDependency;
			package = F00DD6B528C7F94200DA1E37 /* XCRemoteSwiftPackageReference "firebase-ios-sdk" */;
			productName = "FirebaseAuthCombine-Community";
		};
		F00DD6C628C7F94300DA1E37 /* FirebaseCrashlytics */ = {
			isa = XCSwiftPackageProductDependency;
			package = F00DD6B528C7F94200DA1E37 /* XCRemoteSwiftPackageReference "firebase-ios-sdk" */;
			productName = FirebaseCrashlytics;
		};
		F00DD6C828C7F94300DA1E37 /* FirebaseDatabase */ = {
			isa = XCSwiftPackageProductDependency;
			package = F00DD6B528C7F94200DA1E37 /* XCRemoteSwiftPackageReference "firebase-ios-sdk" */;
			productName = FirebaseDatabase;
		};
		F00DD6CA28C7F94300DA1E37 /* FirebaseDatabaseSwift */ = {
			isa = XCSwiftPackageProductDependency;
			package = F00DD6B528C7F94200DA1E37 /* XCRemoteSwiftPackageReference "firebase-ios-sdk" */;
			productName = FirebaseDatabaseSwift;
		};
		F00DD6CC28C7F94300DA1E37 /* FirebaseDynamicLinks */ = {
			isa = XCSwiftPackageProductDependency;
			package = F00DD6B528C7F94200DA1E37 /* XCRemoteSwiftPackageReference "firebase-ios-sdk" */;
			productName = FirebaseDynamicLinks;
		};
		F00DD6CE28C7F94300DA1E37 /* FirebaseFirestore */ = {
			isa = XCSwiftPackageProductDependency;
			package = F00DD6B528C7F94200DA1E37 /* XCRemoteSwiftPackageReference "firebase-ios-sdk" */;
			productName = FirebaseFirestore;
		};
		F00DD6D028C7F94300DA1E37 /* FirebaseFirestoreCombine-Community */ = {
			isa = XCSwiftPackageProductDependency;
			package = F00DD6B528C7F94200DA1E37 /* XCRemoteSwiftPackageReference "firebase-ios-sdk" */;
			productName = "FirebaseFirestoreCombine-Community";
		};
		F00DD6D228C7F94300DA1E37 /* FirebaseFirestoreSwift */ = {
			isa = XCSwiftPackageProductDependency;
			package = F00DD6B528C7F94200DA1E37 /* XCRemoteSwiftPackageReference "firebase-ios-sdk" */;
			productName = FirebaseFirestoreSwift;
		};
		F00DD6D428C7F94300DA1E37 /* FirebaseFunctions */ = {
			isa = XCSwiftPackageProductDependency;
			package = F00DD6B528C7F94200DA1E37 /* XCRemoteSwiftPackageReference "firebase-ios-sdk" */;
			productName = FirebaseFunctions;
		};
		F00DD6D628C7F94300DA1E37 /* FirebaseFunctionsCombine-Community */ = {
			isa = XCSwiftPackageProductDependency;
			package = F00DD6B528C7F94200DA1E37 /* XCRemoteSwiftPackageReference "firebase-ios-sdk" */;
			productName = "FirebaseFunctionsCombine-Community";
		};
		F00DD6D828C7F94300DA1E37 /* FirebaseInAppMessaging-Beta */ = {
			isa = XCSwiftPackageProductDependency;
			package = F00DD6B528C7F94200DA1E37 /* XCRemoteSwiftPackageReference "firebase-ios-sdk" */;
			productName = "FirebaseInAppMessaging-Beta";
		};
		F00DD6DA28C7F94300DA1E37 /* FirebaseInAppMessagingSwift-Beta */ = {
			isa = XCSwiftPackageProductDependency;
			package = F00DD6B528C7F94200DA1E37 /* XCRemoteSwiftPackageReference "firebase-ios-sdk" */;
			productName = "FirebaseInAppMessagingSwift-Beta";
		};
		F00DD6DC28C7F94300DA1E37 /* FirebaseInstallations */ = {
			isa = XCSwiftPackageProductDependency;
			package = F00DD6B528C7F94200DA1E37 /* XCRemoteSwiftPackageReference "firebase-ios-sdk" */;
			productName = FirebaseInstallations;
		};
		F00DD6DE28C7F94300DA1E37 /* FirebaseMLModelDownloader */ = {
			isa = XCSwiftPackageProductDependency;
			package = F00DD6B528C7F94200DA1E37 /* XCRemoteSwiftPackageReference "firebase-ios-sdk" */;
			productName = FirebaseMLModelDownloader;
		};
		F00DD6E028C7F94300DA1E37 /* FirebaseMessaging */ = {
			isa = XCSwiftPackageProductDependency;
			package = F00DD6B528C7F94200DA1E37 /* XCRemoteSwiftPackageReference "firebase-ios-sdk" */;
			productName = FirebaseMessaging;
		};
		F00DD6E228C7F94300DA1E37 /* FirebasePerformance */ = {
			isa = XCSwiftPackageProductDependency;
			package = F00DD6B528C7F94200DA1E37 /* XCRemoteSwiftPackageReference "firebase-ios-sdk" */;
			productName = FirebasePerformance;
		};
		F00DD6E428C7F94300DA1E37 /* FirebaseRemoteConfig */ = {
			isa = XCSwiftPackageProductDependency;
			package = F00DD6B528C7F94200DA1E37 /* XCRemoteSwiftPackageReference "firebase-ios-sdk" */;
			productName = FirebaseRemoteConfig;
		};
		F00DD6E628C7F94300DA1E37 /* FirebaseRemoteConfigSwift */ = {
			isa = XCSwiftPackageProductDependency;
			package = F00DD6B528C7F94200DA1E37 /* XCRemoteSwiftPackageReference "firebase-ios-sdk" */;
			productName = FirebaseRemoteConfigSwift;
		};
		F00DD6E828C7F94300DA1E37 /* FirebaseStorage */ = {
			isa = XCSwiftPackageProductDependency;
			package = F00DD6B528C7F94200DA1E37 /* XCRemoteSwiftPackageReference "firebase-ios-sdk" */;
			productName = FirebaseStorage;
		};
		F00DD6EA28C7F94300DA1E37 /* FirebaseStorageCombine-Community */ = {
			isa = XCSwiftPackageProductDependency;
			package = F00DD6B528C7F94200DA1E37 /* XCRemoteSwiftPackageReference "firebase-ios-sdk" */;
			productName = "FirebaseStorageCombine-Community";
		};
/* End XCSwiftPackageProductDependency section */
	};
	rootObject = F00DD60C28C7EA4C00DA1E37 /* Project object */;
}
